
Microsoft Visual Studio Solution File, Format Version 12.00
# Visual Studio Version 16
VisualStudioVersion = 16.0.28922.388
MinimumVisualStudioVersion = 10.0.40219.1
Project("{FAE04EC0-301F-11D3-BF4B-00C04F79EFBC}") = "UnityDebugShell", "UnityDebugShell.csproj", "{EB3EB9D4-CC67-4A96-BFE2-C4FEDEE25C79}"
EndProject
Global
	GlobalSection(SolutionConfigurationPlatforms) = preSolution
		Debug|Any CPU = Debug|Any CPU
		Release|Any CPU = Release|Any CPU
	EndGlobalSection
	GlobalSection(ProjectConfigurationPlatforms) = postSolution
		{EB3EB9D4-CC67-4A96-BFE2-C4FEDEE25C79}.Debug|Any CPU.ActiveCfg = Debug|Any CPU
		{EB3EB9D4-CC67-4A96-BFE2-C4FEDEE25C79}.Debug|Any CPU.Build.0 = Debug|Any CPU
		{EB3EB9D4-CC67-4A96-BFE2-C4FEDEE25C79}.Release|Any CPU.ActiveCfg = Release|Any CPU
		{EB3EB9D4-CC67-4A96-BFE2-C4FEDEE25C79}.Release|Any CPU.Build.0 = Release|Any CPU
	EndGlobalSection
	GlobalSection(SolutionProperties) = preSolution
		HideSolutionNode = FALSE
	EndGlobalSection
	GlobalSection(ExtensibilityGlobals) = postSolution
		SolutionGuid = {91602441-7EF4-4E7F-8545-03C364D9BCAB}
	EndGlobalSection
EndGlobal
